// !$*UTF8*$!
{
	archiveVersion = 1;
	classes = {
	};
	objectVersion = 50;
	objects = {

/* Begin PBXBuildFile section */
		6366173F2D48DAC100209CF5 /* SerialRenamer.m in Sources */ = {isa = PBXBuildFile; fileRef = 6366173E2D48DAC100209CF5 /* SerialRenamer.m */; };
		636617412D48DC3F00209CF5 /* FileList.m in Sources */ = {isa = PBXBuildFile; fileRef = 636617402D48DC3F00209CF5 /* FileList.m */; };
		636617442D49059600209CF5 /* PathManager.m in Sources */ = {isa = PBXBuildFile; fileRef = 636617432D49059600209CF5 /* PathManager.m */; };
		636617462D49088900209CF5 /* InfoViewController.m in Sources */ = {isa = PBXBuildFile; fileRef = 636617452D49088900209CF5 /* InfoViewController.m */; };
		63CAA6A02D47F2CC00639242 /* AppDelegate.m in Sources */ = {isa = PBXBuildFile; fileRef = 63CAA69F2D47F2CC00639242 /* AppDelegate.m */; };
		63CAA6A32D47F2CC00639242 /* ViewController.m in Sources */ = {isa = PBXBuildFile; fileRef = 63CAA6A22D47F2CC00639242 /* ViewController.m */; };
		63CAA6A52D47F2CF00639242 /* Assets.xcassets in Resources */ = {isa = PBXBuildFile; fileRef = 63CAA6A42D47F2CF00639242 /* Assets.xcassets */; };
		63CAA6A82D47F2CF00639242 /* Main.storyboard in Resources */ = {isa = PBXBuildFile; fileRef = 63CAA6A62D47F2CF00639242 /* Main.storyboard */; };
		63CAA6AB2D47F2CF00639242 /* main.m in Sources */ = {isa = PBXBuildFile; fileRef = 63CAA6AA2D47F2CF00639242 /* main.m */; };
/* End PBXBuildFile section */

/* Begin PBXFileReference section */
		6366173E2D48DAC100209CF5 /* SerialRenamer.m */ = {isa = PBXFileReference; lastKnownFileType = sourcecode.c.objc; path = SerialRenamer.m; sourceTree = "<group>"; };
		636617402D48DC3F00209CF5 /* FileList.m */ = {isa = PBXFileReference; lastKnownFileType = sourcecode.c.objc; path = FileList.m; sourceTree = "<group>"; };
		636617422D49056D00209CF5 /* PathManager.h */ = {isa = PBXFileReference; lastKnownFileType = sourcecode.c.h; path = PathManager.h; sourceTree = "<group>"; };
		636617432D49059600209CF5 /* PathManager.m */ = {isa = PBXFileReference; lastKnownFileType = sourcecode.c.objc; path = PathManager.m; sourceTree = "<group>"; };
		636617452D49088900209CF5 /* InfoViewController.m */ = {isa = PBXFileReference; lastKnownFileType = sourcecode.c.objc; path = InfoViewController.m; sourceTree = "<group>"; };
		636617482D49091500209CF5 /* InfoViewController.h */ = {isa = PBXFileReference; lastKnownFileType = sourcecode.c.h; path = InfoViewController.h; sourceTree = "<group>"; };
		63CAA69B2D47F2CC00639242 /* SubVideoRenamer.app */ = {isa = PBXFileReference; explicitFileType = wrapper.application; includeInIndex = 0; path = SubVideoRenamer.app; sourceTree = BUILT_PRODUCTS_DIR; };
		63CAA69E2D47F2CC00639242 /* AppDelegate.h */ = {isa = PBXFileReference; lastKnownFileType = sourcecode.c.h; path = AppDelegate.h; sourceTree = "<group>"; };
		63CAA69F2D47F2CC00639242 /* AppDelegate.m */ = {isa = PBXFileReference; lastKnownFileType = sourcecode.c.objc; path = AppDelegate.m; sourceTree = "<group>"; };
		63CAA6A12D47F2CC00639242 /* ViewController.h */ = {isa = PBXFileReference; lastKnownFileType = sourcecode.c.h; path = ViewController.h; sourceTree = "<group>"; };
		63CAA6A22D47F2CC00639242 /* ViewController.m */ = {isa = PBXFileReference; lastKnownFileType = sourcecode.c.objc; path = ViewController.m; sourceTree = "<group>"; };
		63CAA6A42D47F2CF00639242 /* Assets.xcassets */ = {isa = PBXFileReference; lastKnownFileType = folder.assetcatalog; path = Assets.xcassets; sourceTree = "<group>"; };
		63CAA6A72D47F2CF00639242 /* Base */ = {isa = PBXFileReference; lastKnownFileType = file.storyboard; name = Base; path = Base.lproj/Main.storyboard; sourceTree = "<group>"; };
		63CAA6A92D47F2CF00639242 /* Info.plist */ = {isa = PBXFileReference; lastKnownFileType = text.plist.xml; path = Info.plist; sourceTree = "<group>"; };
		63CAA6AA2D47F2CF00639242 /* main.m */ = {isa = PBXFileReference; lastKnownFileType = sourcecode.c.objc; path = main.m; sourceTree = "<group>"; };
		63CAA6AC2D47F2CF00639242 /* SubVideoRenamer.entitlements */ = {isa = PBXFileReference; lastKnownFileType = text.plist.entitlements; path = SubVideoRenamer.entitlements; sourceTree = "<group>"; };
/* End PBXFileReference section */

/* Begin PBXFrameworksBuildPhase section */
		63CAA6982D47F2CC00639242 /* Frameworks */ = {
			isa = PBXFrameworksBuildPhase;
			buildActionMask = 2147483647;
			files = (
			);
			runOnlyForDeploymentPostprocessing = 0;
		};
/* End PBXFrameworksBuildPhase section */

/* Begin PBXGroup section */
		63CAA6922D47F2CC00639242 = {
			isa = PBXGroup;
			children = (
				63CAA69D2D47F2CC00639242 /* SubVideoRenamer */,
				63CAA69C2D47F2CC00639242 /* Products */,
			);
			sourceTree = "<group>";
		};
		63CAA69C2D47F2CC00639242 /* Products */ = {
			isa = PBXGroup;
			children = (
				63CAA69B2D47F2CC00639242 /* SubVideoRenamer.app */,
			);
			name = Products;
			sourceTree = "<group>";
		};
		63CAA69D2D47F2CC00639242 /* SubVideoRenamer */ = {
			isa = PBXGroup;
			children = (
				63CAA69E2D47F2CC00639242 /* AppDelegate.h */,
				63CAA69F2D47F2CC00639242 /* AppDelegate.m */,
				63CAA6A12D47F2CC00639242 /* ViewController.h */,
				63CAA6A22D47F2CC00639242 /* ViewController.m */,
				63CAA6A42D47F2CF00639242 /* Assets.xcassets */,
				63CAA6A62D47F2CF00639242 /* Main.storyboard */,
				63CAA6A92D47F2CF00639242 /* Info.plist */,
				63CAA6AA2D47F2CF00639242 /* main.m */,
				63CAA6AC2D47F2CF00639242 /* SubVideoRenamer.entitlements */,
				6366173E2D48DAC100209CF5 /* SerialRenamer.m */,
				636617402D48DC3F00209CF5 /* FileList.m */,
				636617422D49056D00209CF5 /* PathManager.h */,
				636617432D49059600209CF5 /* PathManager.m */,
				636617452D49088900209CF5 /* InfoViewController.m */,
				636617482D49091500209CF5 /* InfoViewController.h */,
			);
			path = SubVideoRenamer;
			sourceTree = "<group>";
		};
/* End PBXGroup section */

/* Begin PBXNativeTarget section */
		63CAA69A2D47F2CC00639242 /* SubVideoRenamer */ = {
			isa = PBXNativeTarget;
			buildConfigurationList = 63CAA6AF2D47F2CF00639242 /* Build configuration list for PBXNativeTarget "SubVideoRenamer" */;
			buildPhases = (
				63CAA6972D47F2CC00639242 /* Sources */,
				63CAA6982D47F2CC00639242 /* Frameworks */,
				63CAA6992D47F2CC00639242 /* Resources */,
			);
			buildRules = (
			);
			dependencies = (
			);
			name = SubVideoRenamer;
			productName = SubVideoRenamer;
			productReference = 63CAA69B2D47F2CC00639242 /* SubVideoRenamer.app */;
			productType = "com.apple.product-type.application";
		};
/* End PBXNativeTarget section */

/* Begin PBXProject section */
		63CAA6932D47F2CC00639242 /* Project object */ = {
			isa = PBXProject;
			attributes = {
				LastUpgradeCheck = 1010;
				ORGANIZATIONNAME = AMS;
				TargetAttributes = {
					63CAA69A2D47F2CC00639242 = {
						CreatedOnToolsVersion = 10.1;
					};
				};
			};
			buildConfigurationList = 63CAA6962D47F2CC00639242 /* Build configuration list for PBXProject "SubVideoRenamer" */;
			compatibilityVersion = "Xcode 9.3";
			developmentRegion = en;
			hasScannedForEncodings = 0;
			knownRegions = (
				en,
				Base,
			);
			mainGroup = 63CAA6922D47F2CC00639242;
			productRefGroup = 63CAA69C2D47F2CC00639242 /* Products */;
			projectDirPath = "";
			projectRoot = "";
			targets = (
				63CAA69A2D47F2CC00639242 /* SubVideoRenamer */,
			);
		};
/* End PBXProject section */

/* Begin PBXResourcesBuildPhase section */
		63CAA6992D47F2CC00639242 /* Resources */ = {
			isa = PBXResourcesBuildPhase;
			buildActionMask = 2147483647;
			files = (
				63CAA6A52D47F2CF00639242 /* Assets.xcassets in Resources */,
				63CAA6A82D47F2CF00639242 /* Main.storyboard in Resources */,
			);
			runOnlyForDeploymentPostprocessing = 0;
		};
/* End PBXResourcesBuildPhase section */

/* Begin PBXSourcesBuildPhase section */
		63CAA6972D47F2CC00639242 /* Sources */ = {
			isa = PBXSourcesBuildPhase;
			buildActionMask = 2147483647;
			files = (
				636617412D48DC3F00209CF5 /* FileList.m in Sources */,
				6366173F2D48DAC100209CF5 /* SerialRenamer.m in Sources */,
				636617442D49059600209CF5 /* PathManager.m in Sources */,
				63CAA6A32D47F2CC00639242 /* ViewController.m in Sources */,
				63CAA6AB2D47F2CF00639242 /* main.m in Sources */,
				636617462D49088900209CF5 /* InfoViewController.m in Sources */,
				63CAA6A02D47F2CC00639242 /* AppDelegate.m in Sources */,
			);
			runOnlyForDeploymentPostprocessing = 0;
		};
/* End PBXSourcesBuildPhase section */

/* Begin PBXVariantGroup section */
		63CAA6A62D47F2CF00639242 /* Main.storyboard */ = {
			isa = PBXVariantGroup;
			children = (
				63CAA6A72D47F2CF00639242 /* Base */,
			);
			name = Main.storyboard;
			sourceTree = "<group>";
		};
/* End PBXVariantGroup section */

/* Begin XCBuildConfiguration section */
		63CAA6AD2D47F2CF00639242 /* Debug */ = {
			isa = XCBuildConfiguration;
			buildSettings = {
				ALWAYS_SEARCH_USER_PATHS = NO;
				CLANG_ANALYZER_NONNULL = YES;
				CLANG_ANALYZER_NUMBER_OBJECT_CONVERSION = YES_AGGRESSIVE;
				CLANG_CXX_LANGUAGE_STANDARD = "gnu++14";
				CLANG_CXX_LIBRARY = "libc++";
				CLANG_ENABLE_MODULES = YES;
				CLANG_ENABLE_OBJC_ARC = YES;
				CLANG_ENABLE_OBJC_WEAK = YES;
				CLANG_WARN_BLOCK_CAPTURE_AUTORELEASING = YES;
				CLANG_WARN_BOOL_CONVERSION = YES;
				CLANG_WARN_COMMA = YES;
				CLANG_WARN_CONSTANT_CONVERSION = YES;
				CLANG_WARN_DEPRECATED_OBJC_IMPLEMENTATIONS = YES;
				CLANG_WARN_DIRECT_OBJC_ISA_USAGE = YES_ERROR;
				CLANG_WARN_DOCUMENTATION_COMMENTS = YES;
				CLANG_WARN_EMPTY_BODY = YES;
				CLANG_WARN_ENUM_CONVERSION = YES;
				CLANG_WARN_INFINITE_RECURSION = YES;
				CLANG_WARN_INT_CONVERSION = YES;
				CLANG_WARN_NON_LITERAL_NULL_CONVERSION = YES;
				CLANG_WARN_OBJC_IMPLICIT_RETAIN_SELF = YES;
				CLANG_WARN_OBJC_LITERAL_CONVERSION = YES;
				CLANG_WARN_OBJC_ROOT_CLASS = YES_ERROR;
				CLANG_WARN_RANGE_LOOP_ANALYSIS = YES;
				CLANG_WARN_STRICT_PROTOTYPES = YES;
				CLANG_WARN_SUSPICIOUS_MOVE = YES;
				CLANG_WARN_UNGUARDED_AVAILABILITY = YES_AGGRESSIVE;
				CLANG_WARN_UNREACHABLE_CODE = YES;
				CLANG_WARN__DUPLICATE_METHOD_MATCH = YES;
				CODE_SIGN_IDENTITY = "-";
				COPY_PHASE_STRIP = NO;
				DEBUG_INFORMATION_FORMAT = dwarf;
				ENABLE_STRICT_OBJC_MSGSEND = YES;
				ENABLE_TESTABILITY = YES;
				GCC_C_LANGUAGE_STANDARD = gnu11;
				GCC_DYNAMIC_NO_PIC = NO;
				GCC_NO_COMMON_BLOCKS = YES;
				GCC_OPTIMIZATION_LEVEL = 0;
				GCC_PREPROCESSOR_DEFINITIONS = (
					"DEBUG=1",
					"$(inherited)",
				);
				GCC_WARN_64_TO_32_BIT_CONVERSION = YES;
				GCC_WARN_ABOUT_RETURN_TYPE = YES_ERROR;
				GCC_WARN_UNDECLARED_SELECTOR = YES;
				GCC_WARN_UNINITIALIZED_AUTOS = YES_AGGRESSIVE;
				GCC_WARN_UNUSED_FUNCTION = YES;
				GCC_WARN_UNUSED_VARIABLE = YES;
				MACOSX_DEPLOYMENT_TARGET = 10.13;
				MTL_ENABLE_DEBUG_INFO = INCLUDE_SOURCE;
				MTL_FAST_MATH = YES;
				ONLY_ACTIVE_ARCH = YES;
				SDKROOT = macosx;
			};
			name = Debug;
		};
		63CAA6AE2D47F2CF00639242 /* Release */ = {
			isa = XCBuildConfiguration;
			buildSettings = {
				ALWAYS_SEARCH_USER_PATHS = NO;
				CLANG_ANALYZER_NONNULL = YES;
				CLANG_ANALYZER_NUMBER_OBJECT_CONVERSION = YES_AGGRESSIVE;
				CLANG_CXX_LANGUAGE_STANDARD = "gnu++14";
				CLANG_CXX_LIBRARY = "libc++";
				CLANG_ENABLE_MODULES = YES;
				CLANG_ENABLE_OBJC_ARC = YES;
				CLANG_ENABLE_OBJC_WEAK = YES;
				CLANG_WARN_BLOCK_CAPTURE_AUTORELEASING = YES;
				CLANG_WARN_BOOL_CONVERSION = YES;
				CLANG_WARN_COMMA = YES;
				CLANG_WARN_CONSTANT_CONVERSION = YES;
				CLANG_WARN_DEPRECATED_OBJC_IMPLEMENTATIONS = YES;
				CLANG_WARN_DIRECT_OBJC_ISA_USAGE = YES_ERROR;
				CLANG_WARN_DOCUMENTATION_COMMENTS = YES;
				CLANG_WARN_EMPTY_BODY = YES;
				CLANG_WARN_ENUM_CONVERSION = YES;
				CLANG_WARN_INFINITE_RECURSION = YES;
				CLANG_WARN_INT_CONVERSION = YES;
				CLANG_WARN_NON_LITERAL_NULL_CONVERSION = YES;
				CLANG_WARN_OBJC_IMPLICIT_RETAIN_SELF = YES;
				CLANG_WARN_OBJC_LITERAL_CONVERSION = YES;
				CLANG_WARN_OBJC_ROOT_CLASS = YES_ERROR;
				CLANG_WARN_RANGE_LOOP_ANALYSIS = YES;
				CLANG_WARN_STRICT_PROTOTYPES = YES;
				CLANG_WARN_SUSPICIOUS_MOVE = YES;
				CLANG_WARN_UNGUARDED_AVAILABILITY = YES_AGGRESSIVE;
				CLANG_WARN_UNREACHABLE_CODE = YES;
				CLANG_WARN__DUPLICATE_METHOD_MATCH = YES;
				CODE_SIGN_IDENTITY = "-";
				COPY_PHASE_STRIP = NO;
				DEBUG_INFORMATION_FORMAT = "dwarf-with-dsym";
				ENABLE_NS_ASSERTIONS = NO;
				ENABLE_STRICT_OBJC_MSGSEND = YES;
				GCC_C_LANGUAGE_STANDARD = gnu11;
				GCC_NO_COMMON_BLOCKS = YES;
				GCC_WARN_64_TO_32_BIT_CONVERSION = YES;
				GCC_WARN_ABOUT_RETURN_TYPE = YES_ERROR;
				GCC_WARN_UNDECLARED_SELECTOR = YES;
				GCC_WARN_UNINITIALIZED_AUTOS = YES_AGGRESSIVE;
				GCC_WARN_UNUSED_FUNCTION = YES;
				GCC_WARN_UNUSED_VARIABLE = YES;
				MACOSX_DEPLOYMENT_TARGET = 10.13;
				MTL_ENABLE_DEBUG_INFO = NO;
				MTL_FAST_MATH = YES;
				SDKROOT = macosx;
			};
			name = Release;
		};
		63CAA6B02D47F2CF00639242 /* Debug */ = {
			isa = XCBuildConfiguration;
			buildSettings = {
				ASSETCATALOG_COMPILER_APPICON_NAME = AppIcon;
				CODE_SIGN_ENTITLEMENTS = SubVideoRenamer/SubVideoRenamer.entitlements;
				CODE_SIGN_STYLE = Automatic;
				COMBINE_HIDPI_IMAGES = YES;
				INFOPLIST_FILE = SubVideoRenamer/Info.plist;
				LD_RUNPATH_SEARCH_PATHS = (
					"$(inherited)",
					"@executable_path/../Frameworks",
				);
				PRODUCT_BUNDLE_IDENTIFIER = ams.SubVideoRenamer;
				PRODUCT_NAME = "$(TARGET_NAME)";
			};
			name = Debug;
		};
		63CAA6B12D47F2CF00639242 /* Release */ = {
			isa = XCBuildConfiguration;
			buildSettings = {
				ASSETCATALOG_COMPILER_APPICON_NAME = AppIcon;
				CODE_SIGN_ENTITLEMENTS = SubVideoRenamer/SubVideoRenamer.entitlements;
				CODE_SIGN_STYLE = Automatic;
				COMBINE_HIDPI_IMAGES = YES;
				INFOPLIST_FILE = SubVideoRenamer/Info.plist;
				LD_RUNPATH_SEARCH_PATHS = (
					"$(inherited)",
					"@executable_path/../Frameworks",
				);
				PRODUCT_BUNDLE_IDENTIFIER = ams.SubVideoRenamer;
				PRODUCT_NAME = "$(TARGET_NAME)";
			};
			name = Release;
		};
/* End XCBuildConfiguration section */

/* Begin XCConfigurationList section */
		63CAA6962D47F2CC00639242 /* Build configuration list for PBXProject "SubVideoRenamer" */ = {
			isa = XCConfigurationList;
			buildConfigurations = (
				63CAA6AD2D47F2CF00639242 /* Debug */,
				63CAA6AE2D47F2CF00639242 /* Release */,
			);
			defaultConfigurationIsVisible = 0;
			defaultConfigurationName = Release;
		};
		63CAA6AF2D47F2CF00639242 /* Build configuration list for PBXNativeTarget "SubVideoRenamer" */ = {
			isa = XCConfigurationList;
			buildConfigurations = (
				63CAA6B02D47F2CF00639242 /* Debug */,
				63CAA6B12D47F2CF00639242 /* Release */,
			);
			defaultConfigurationIsVisible = 0;
			defaultConfigurationName = Release;
		};
/* End XCConfigurationList section */
	};
	rootObject = 63CAA6932D47F2CC00639242 /* Project object */;
}
